// !$*UTF8*$!
{
	archiveVersion = 1;
	classes = {
	};
	objectVersion = 50;
	objects = {

/* Begin PBXBuildFile section */
		8BEBAB1525B346DF00E81561 /* MenuCornerApp.swift in Sources */ = {isa = PBXBuildFile; fileRef = 8BEBAB1425B346DF00E81561 /* MenuCornerApp.swift */; };
		8BEBAB1725B346DF00E81561 /* ContentView.swift in Sources */ = {isa = PBXBuildFile; fileRef = 8BEBAB1625B346DF00E81561 /* ContentView.swift */; };
		8BEBAB1925B346DF00E81561 /* Assets.xcassets in Resources */ = {isa = PBXBuildFile; fileRef = 8BEBAB1825B346DF00E81561 /* Assets.xcassets */; };
		8BEBAB1C25B346DF00E81561 /* Preview Assets.xcassets in Resources */ = {isa = PBXBuildFile; fileRef = 8BEBAB1B25B346DF00E81561 /* Preview Assets.xcassets */; };
		8BEBAB2725B346E000E81561 /* MenuCornerTests.swift in Sources */ = {isa = PBXBuildFile; fileRef = 8BEBAB2625B346E000E81561 /* MenuCornerTests.swift */; };
		8BEBAB3225B346E000E81561 /* MenuCornerUITests.swift in Sources */ = {isa = PBXBuildFile; fileRef = 8BEBAB3125B346E000E81561 /* MenuCornerUITests.swift */; };
/* End PBXBuildFile section */

/* Begin PBXContainerItemProxy section */
		8BEBAB2325B346E000E81561 /* PBXContainerItemProxy */ = {
			isa = PBXContainerItemProxy;
			containerPortal = 8BEBAB0925B346DF00E81561 /* Project object */;
			proxyType = 1;
			remoteGlobalIDString = 8BEBAB1025B346DF00E81561;
			remoteInfo = MenuCorner;
		};
		8BEBAB2E25B346E000E81561 /* PBXContainerItemProxy */ = {
			isa = PBXContainerItemProxy;
			containerPortal = 8BEBAB0925B346DF00E81561 /* Project object */;
			proxyType = 1;
			remoteGlobalIDString = 8BEBAB1025B346DF00E81561;
			remoteInfo = MenuCorner;
		};
/* End PBXContainerItemProxy section */

/* Begin PBXFileReference section */
		8BEBAB1125B346DF00E81561 /* MenuCorner.app */ = {isa = PBXFileReference; explicitFileType = wrapper.application; includeInIndex = 0; path = MenuCorner.app; sourceTree = BUILT_PRODUCTS_DIR; };
		8BEBAB1425B346DF00E81561 /* MenuCornerApp.swift */ = {isa = PBXFileReference; lastKnownFileType = sourcecode.swift; path = MenuCornerApp.swift; sourceTree = "<group>"; };
		8BEBAB1625B346DF00E81561 /* ContentView.swift */ = {isa = PBXFileReference; lastKnownFileType = sourcecode.swift; path = ContentView.swift; sourceTree = "<group>"; };
		8BEBAB1825B346DF00E81561 /* Assets.xcassets */ = {isa = PBXFileReference; lastKnownFileType = folder.assetcatalog; path = Assets.xcassets; sourceTree = "<group>"; };
		8BEBAB1B25B346DF00E81561 /* Preview Assets.xcassets */ = {isa = PBXFileReference; lastKnownFileType = folder.assetcatalog; path = "Preview Assets.xcassets"; sourceTree = "<group>"; };
		8BEBAB1D25B346DF00E81561 /* Info.plist */ = {isa = PBXFileReference; lastKnownFileType = text.plist.xml; path = Info.plist; sourceTree = "<group>"; };
		8BEBAB2225B346E000E81561 /* MenuCornerTests.xctest */ = {isa = PBXFileReference; explicitFileType = wrapper.cfbundle; includeInIndex = 0; path = MenuCornerTests.xctest; sourceTree = BUILT_PRODUCTS_DIR; };
		8BEBAB2625B346E000E81561 /* MenuCornerTests.swift */ = {isa = PBXFileReference; lastKnownFileType = sourcecode.swift; path = MenuCornerTests.swift; sourceTree = "<group>"; };
		8BEBAB2825B346E000E81561 /* Info.plist */ = {isa = PBXFileReference; lastKnownFileType = text.plist.xml; path = Info.plist; sourceTree = "<group>"; };
		8BEBAB2D25B346E000E81561 /* MenuCornerUITests.xctest */ = {isa = PBXFileReference; explicitFileType = wrapper.cfbundle; includeInIndex = 0; path = MenuCornerUITests.xctest; sourceTree = BUILT_PRODUCTS_DIR; };
		8BEBAB3125B346E000E81561 /* MenuCornerUITests.swift */ = {isa = PBXFileReference; lastKnownFileType = sourcecode.swift; path = MenuCornerUITests.swift; sourceTree = "<group>"; };
		8BEBAB3325B346E000E81561 /* Info.plist */ = {isa = PBXFileReference; lastKnownFileType = text.plist.xml; path = Info.plist; sourceTree = "<group>"; };
/* End PBXFileReference section */

/* Begin PBXFrameworksBuildPhase section */
		8BEBAB0E25B346DF00E81561 /* Frameworks */ = {
			isa = PBXFrameworksBuildPhase;
			buildActionMask = 2147483647;
			files = (
			);
			runOnlyForDeploymentPostprocessing = 0;
		};
		8BEBAB1F25B346E000E81561 /* Frameworks */ = {
			isa = PBXFrameworksBuildPhase;
			buildActionMask = 2147483647;
			files = (
			);
			runOnlyForDeploymentPostprocessing = 0;
		};
		8BEBAB2A25B346E000E81561 /* Frameworks */ = {
			isa = PBXFrameworksBuildPhase;
			buildActionMask = 2147483647;
			files = (
			);
			runOnlyForDeploymentPostprocessing = 0;
		};
/* End PBXFrameworksBuildPhase section */

/* Begin PBXGroup section */
		8BEBAB0825B346DF00E81561 = {
			isa = PBXGroup;
			children = (
				8BEBAB1325B346DF00E81561 /* MenuCorner */,
				8BEBAB2525B346E000E81561 /* MenuCornerTests */,
				8BEBAB3025B346E000E81561 /* MenuCornerUITests */,
				8BEBAB1225B346DF00E81561 /* Products */,
			);
			sourceTree = "<group>";
		};
		8BEBAB1225B346DF00E81561 /* Products */ = {
			isa = PBXGroup;
			children = (
				8BEBAB1125B346DF00E81561 /* MenuCorner.app */,
				8BEBAB2225B346E000E81561 /* MenuCornerTests.xctest */,
				8BEBAB2D25B346E000E81561 /* MenuCornerUITests.xctest */,
			);
			name = Products;
			sourceTree = "<group>";
		};
		8BEBAB1325B346DF00E81561 /* MenuCorner */ = {
			isa = PBXGroup;
			children = (
				8BEBAB1425B346DF00E81561 /* MenuCornerApp.swift */,
				8BEBAB1625B346DF00E81561 /* ContentView.swift */,
				8BEBAB1825B346DF00E81561 /* Assets.xcassets */,
				8BEBAB1D25B346DF00E81561 /* Info.plist */,
				8BEBAB1A25B346DF00E81561 /* Preview Content */,
			);
			path = MenuCorner;
			sourceTree = "<group>";
		};
		8BEBAB1A25B346DF00E81561 /* Preview Content */ = {
			isa = PBXGroup;
			children = (
				8BEBAB1B25B346DF00E81561 /* Preview Assets.xcassets */,
			);
			path = "Preview Content";
			sourceTree = "<group>";
		};
		8BEBAB2525B346E000E81561 /* MenuCornerTests */ = {
			isa = PBXGroup;
			children = (
				8BEBAB2625B346E000E81561 /* MenuCornerTests.swift */,
				8BEBAB2825B346E000E81561 /* Info.plist */,
			);
			path = MenuCornerTests;
			sourceTree = "<group>";
		};
		8BEBAB3025B346E000E81561 /* MenuCornerUITests */ = {
			isa = PBXGroup;
			children = (
				8BEBAB3125B346E000E81561 /* MenuCornerUITests.swift */,
				8BEBAB3325B346E000E81561 /* Info.plist */,
			);
			path = MenuCornerUITests;
			sourceTree = "<group>";
		};
/* End PBXGroup section */

/* Begin PBXNativeTarget section */
		8BEBAB1025B346DF00E81561 /* MenuCorner */ = {
			isa = PBXNativeTarget;
			buildConfigurationList = 8BEBAB3625B346E000E81561 /* Build configuration list for PBXNativeTarget "MenuCorner" */;
			buildPhases = (
				8BEBAB0D25B346DF00E81561 /* Sources */,
				8BEBAB0E25B346DF00E81561 /* Frameworks */,
				8BEBAB0F25B346DF00E81561 /* Resources */,
			);
			buildRules = (
			);
			dependencies = (
			);
			name = MenuCorner;
			productName = MenuCorner;
			productReference = 8BEBAB1125B346DF00E81561 /* MenuCorner.app */;
			productType = "com.apple.product-type.application";
		};
		8BEBAB2125B346E000E81561 /* MenuCornerTests */ = {
			isa = PBXNativeTarget;
			buildConfigurationList = 8BEBAB3925B346E000E81561 /* Build configuration list for PBXNativeTarget "MenuCornerTests" */;
			buildPhases = (
				8BEBAB1E25B346E000E81561 /* Sources */,
				8BEBAB1F25B346E000E81561 /* Frameworks */,
				8BEBAB2025B346E000E81561 /* Resources */,
			);
			buildRules = (
			);
			dependencies = (
				8BEBAB2425B346E000E81561 /* PBXTargetDependency */,
			);
			name = MenuCornerTests;
			productName = MenuCornerTests;
			productReference = 8BEBAB2225B346E000E81561 /* MenuCornerTests.xctest */;
			productType = "com.apple.product-type.bundle.unit-test";
		};
		8BEBAB2C25B346E000E81561 /* MenuCornerUITests */ = {
			isa = PBXNativeTarget;
			buildConfigurationList = 8BEBAB3C25B346E000E81561 /* Build configuration list for PBXNativeTarget "MenuCornerUITests" */;
			buildPhases = (
				8BEBAB2925B346E000E81561 /* Sources */,
				8BEBAB2A25B346E000E81561 /* Frameworks */,
				8BEBAB2B25B346E000E81561 /* Resources */,
			);
			buildRules = (
			);
			dependencies = (
				8BEBAB2F25B346E000E81561 /* PBXTargetDependency */,
			);
			name = MenuCornerUITests;
			productName = MenuCornerUITests;
			productReference = 8BEBAB2D25B346E000E81561 /* MenuCornerUITests.xctest */;
			productType = "com.apple.product-type.bundle.ui-testing";
		};
/* End PBXNativeTarget section */

/* Begin PBXProject section */
		8BEBAB0925B346DF00E81561 /* Project object */ = {
			isa = PBXProject;
			attributes = {
				LastSwiftUpdateCheck = 1230;
				LastUpgradeCheck = 1230;
				TargetAttributes = {
					8BEBAB1025B346DF00E81561 = {
						CreatedOnToolsVersion = 12.3;
					};
					8BEBAB2125B346E000E81561 = {
						CreatedOnToolsVersion = 12.3;
						TestTargetID = 8BEBAB1025B346DF00E81561;
					};
					8BEBAB2C25B346E000E81561 = {
						CreatedOnToolsVersion = 12.3;
						TestTargetID = 8BEBAB1025B346DF00E81561;
					};
				};
			};
			buildConfigurationList = 8BEBAB0C25B346DF00E81561 /* Build configuration list for PBXProject "MenuCorner" */;
			compatibilityVersion = "Xcode 9.3";
			developmentRegion = en;
			hasScannedForEncodings = 0;
			knownRegions = (
				en,
				Base,
			);
			mainGroup = 8BEBAB0825B346DF00E81561;
			productRefGroup = 8BEBAB1225B346DF00E81561 /* Products */;
			projectDirPath = "";
			projectRoot = "";
			targets = (
				8BEBAB1025B346DF00E81561 /* MenuCorner */,
				8BEBAB2125B346E000E81561 /* MenuCornerTests */,
				8BEBAB2C25B346E000E81561 /* MenuCornerUITests */,
			);
		};
/* End PBXProject section */

/* Begin PBXResourcesBuildPhase section */
		8BEBAB0F25B346DF00E81561 /* Resources */ = {
			isa = PBXResourcesBuildPhase;
			buildActionMask = 2147483647;
			files = (
				8BEBAB1C25B346DF00E81561 /* Preview Assets.xcassets in Resources */,
				8BEBAB1925B346DF00E81561 /* Assets.xcassets in Resources */,
			);
			runOnlyForDeploymentPostprocessing = 0;
		};
		8BEBAB2025B346E000E81561 /* Resources */ = {
			isa = PBXResourcesBuildPhase;
			buildActionMask = 2147483647;
			files = (
			);
			runOnlyForDeploymentPostprocessing = 0;
		};
		8BEBAB2B25B346E000E81561 /* Resources */ = {
			isa = PBXResourcesBuildPhase;
			buildActionMask = 2147483647;
			files = (
			);
			runOnlyForDeploymentPostprocessing = 0;
		};
/* End PBXResourcesBuildPhase section */

/* Begin PBXSourcesBuildPhase section */
		8BEBAB0D25B346DF00E81561 /* Sources */ = {
			isa = PBXSourcesBuildPhase;
			buildActionMask = 2147483647;
			files = (
				8BEBAB1725B346DF00E81561 /* ContentView.swift in Sources */,
				8BEBAB1525B346DF00E81561 /* MenuCornerApp.swift in Sources */,
			);
			runOnlyForDeploymentPostprocessing = 0;
		};
		8BEBAB1E25B346E000E81561 /* Sources */ = {
			isa = PBXSourcesBuildPhase;
			buildActionMask = 2147483647;
			files = (
				8BEBAB2725B346E000E81561 /* MenuCornerTests.swift in Sources */,
			);
			runOnlyForDeploymentPostprocessing = 0;
		};
		8BEBAB2925B346E000E81561 /* Sources */ = {
			isa = PBXSourcesBuildPhase;
			buildActionMask = 2147483647;
			files = (
				8BEBAB3225B346E000E81561 /* MenuCornerUITests.swift in Sources */,
			);
			runOnlyForDeploymentPostprocessing = 0;
		};
/* End PBXSourcesBuildPhase section */

/* Begin PBXTargetDependency section */
		8BEBAB2425B346E000E81561 /* PBXTargetDependency */ = {
			isa = PBXTargetDependency;
			target = 8BEBAB1025B346DF00E81561 /* MenuCorner */;
			targetProxy = 8BEBAB2325B346E000E81561 /* PBXContainerItemProxy */;
		};
		8BEBAB2F25B346E000E81561 /* PBXTargetDependency */ = {
			isa = PBXTargetDependency;
			target = 8BEBAB1025B346DF00E81561 /* MenuCorner */;
			targetProxy = 8BEBAB2E25B346E000E81561 /* PBXContainerItemProxy */;
		};
/* End PBXTargetDependency section */

/* Begin XCBuildConfiguration section */
		8BEBAB3425B346E000E81561 /* Debug */ = {
			isa = XCBuildConfiguration;
			buildSettings = {
				ALWAYS_SEARCH_USER_PATHS = NO;
				CLANG_ANALYZER_NONNULL = YES;
				CLANG_ANALYZER_NUMBER_OBJECT_CONVERSION = YES_AGGRESSIVE;
				CLANG_CXX_LANGUAGE_STANDARD = "gnu++14";
				CLANG_CXX_LIBRARY = "libc++";
				CLANG_ENABLE_MODULES = YES;
				CLANG_ENABLE_OBJC_ARC = YES;
				CLANG_ENABLE_OBJC_WEAK = YES;
				CLANG_WARN_BLOCK_CAPTURE_AUTORELEASING = YES;
				CLANG_WARN_BOOL_CONVERSION = YES;
				CLANG_WARN_COMMA = YES;
				CLANG_WARN_CONSTANT_CONVERSION = YES;
				CLANG_WARN_DEPRECATED_OBJC_IMPLEMENTATIONS = YES;
				CLANG_WARN_DIRECT_OBJC_ISA_USAGE = YES_ERROR;
				CLANG_WARN_DOCUMENTATION_COMMENTS = YES;
				CLANG_WARN_EMPTY_BODY = YES;
				CLANG_WARN_ENUM_CONVERSION = YES;
				CLANG_WARN_INFINITE_RECURSION = YES;
				CLANG_WARN_INT_CONVERSION = YES;
				CLANG_WARN_NON_LITERAL_NULL_CONVERSION = YES;
				CLANG_WARN_OBJC_IMPLICIT_RETAIN_SELF = YES;
				CLANG_WARN_OBJC_LITERAL_CONVERSION = YES;
				CLANG_WARN_OBJC_ROOT_CLASS = YES_ERROR;
				CLANG_WARN_QUOTED_INCLUDE_IN_FRAMEWORK_HEADER = YES;
				CLANG_WARN_RANGE_LOOP_ANALYSIS = YES;
				CLANG_WARN_STRICT_PROTOTYPES = YES;
				CLANG_WARN_SUSPICIOUS_MOVE = YES;
				CLANG_WARN_UNGUARDED_AVAILABILITY = YES_AGGRESSIVE;
				CLANG_WARN_UNREACHABLE_CODE = YES;
				CLANG_WARN__DUPLICATE_METHOD_MATCH = YES;
				COPY_PHASE_STRIP = NO;
				DEBUG_INFORMATION_FORMAT = dwarf;
				ENABLE_STRICT_OBJC_MSGSEND = YES;
				ENABLE_TESTABILITY = YES;
				GCC_C_LANGUAGE_STANDARD = gnu11;
				GCC_DYNAMIC_NO_PIC = NO;
				GCC_NO_COMMON_BLOCKS = YES;
				GCC_OPTIMIZATION_LEVEL = 0;
				GCC_PREPROCESSOR_DEFINITIONS = (
					"DEBUG=1",
					"$(inherited)",
				);
				GCC_WARN_64_TO_32_BIT_CONVERSION = YES;
				GCC_WARN_ABOUT_RETURN_TYPE = YES_ERROR;
				GCC_WARN_UNDECLARED_SELECTOR = YES;
				GCC_WARN_UNINITIALIZED_AUTOS = YES_AGGRESSIVE;
				GCC_WARN_UNUSED_FUNCTION = YES;
				GCC_WARN_UNUSED_VARIABLE = YES;
				IPHONEOS_DEPLOYMENT_TARGET = 14.3;
				MTL_ENABLE_DEBUG_INFO = INCLUDE_SOURCE;
				MTL_FAST_MATH = YES;
				ONLY_ACTIVE_ARCH = YES;
				SDKROOT = iphoneos;
				SWIFT_ACTIVE_COMPILATION_CONDITIONS = DEBUG;
				SWIFT_OPTIMIZATION_LEVEL = "-Onone";
			};
			name = Debug;
		};
		8BEBAB3525B346E000E81561 /* Release */ = {
			isa = XCBuildConfiguration;
			buildSettings = {
				ALWAYS_SEARCH_USER_PATHS = NO;
				CLANG_ANALYZER_NONNULL = YES;
				CLANG_ANALYZER_NUMBER_OBJECT_CONVERSION = YES_AGGRESSIVE;
				CLANG_CXX_LANGUAGE_STANDARD = "gnu++14";
				CLANG_CXX_LIBRARY = "libc++";
				CLANG_ENABLE_MODULES = YES;
				CLANG_ENABLE_OBJC_ARC = YES;
				CLANG_ENABLE_OBJC_WEAK = YES;
				CLANG_WARN_BLOCK_CAPTURE_AUTORELEASING = YES;
				CLANG_WARN_BOOL_CONVERSION = YES;
				CLANG_WARN_COMMA = YES;
				CLANG_WARN_CONSTANT_CONVERSION = YES;
				CLANG_WARN_DEPRECATED_OBJC_IMPLEMENTATIONS = YES;
				CLANG_WARN_DIRECT_OBJC_ISA_USAGE = YES_ERROR;
				CLANG_WARN_DOCUMENTATION_COMMENTS = YES;
				CLANG_WARN_EMPTY_BODY = YES;
				CLANG_WARN_ENUM_CONVERSION = YES;
				CLANG_WARN_INFINITE_RECURSION = YES;
				CLANG_WARN_INT_CONVERSION = YES;
				CLANG_WARN_NON_LITERAL_NULL_CONVERSION = YES;
				CLANG_WARN_OBJC_IMPLICIT_RETAIN_SELF = YES;
				CLANG_WARN_OBJC_LITERAL_CONVERSION = YES;
				CLANG_WARN_OBJC_ROOT_CLASS = YES_ERROR;
				CLANG_WARN_QUOTED_INCLUDE_IN_FRAMEWORK_HEADER = YES;
				CLANG_WARN_RANGE_LOOP_ANALYSIS = YES;
				CLANG_WARN_STRICT_PROTOTYPES = YES;
				CLANG_WARN_SUSPICIOUS_MOVE = YES;
				CLANG_WARN_UNGUARDED_AVAILABILITY = YES_AGGRESSIVE;
				CLANG_WARN_UNREACHABLE_CODE = YES;
				CLANG_WARN__DUPLICATE_METHOD_MATCH = YES;
				COPY_PHASE_STRIP = NO;
				DEBUG_INFORMATION_FORMAT = "dwarf-with-dsym";
				ENABLE_NS_ASSERTIONS = NO;
				ENABLE_STRICT_OBJC_MSGSEND = YES;
				GCC_C_LANGUAGE_STANDARD = gnu11;
				GCC_NO_COMMON_BLOCKS = YES;
				GCC_WARN_64_TO_32_BIT_CONVERSION = YES;
				GCC_WARN_ABOUT_RETURN_TYPE = YES_ERROR;
				GCC_WARN_UNDECLARED_SELECTOR = YES;
				GCC_WARN_UNINITIALIZED_AUTOS = YES_AGGRESSIVE;
				GCC_WARN_UNUSED_FUNCTION = YES;
				GCC_WARN_UNUSED_VARIABLE = YES;
				IPHONEOS_DEPLOYMENT_TARGET = 14.3;
				MTL_ENABLE_DEBUG_INFO = NO;
				MTL_FAST_MATH = YES;
				SDKROOT = iphoneos;
				SWIFT_COMPILATION_MODE = wholemodule;
				SWIFT_OPTIMIZATION_LEVEL = "-O";
				VALIDATE_PRODUCT = YES;
			};
			name = Release;
		};
		8BEBAB3725B346E000E81561 /* Debug */ = {
			isa = XCBuildConfiguration;
			buildSettings = {
				ASSETCATALOG_COMPILER_APPICON_NAME = AppIcon;
				ASSETCATALOG_COMPILER_GLOBAL_ACCENT_COLOR_NAME = AccentColor;
				CODE_SIGN_STYLE = Automatic;
				DEVELOPMENT_ASSET_PATHS = "\"MenuCorner/Preview Content\"";
				DEVELOPMENT_TEAM = FJL9UV3P9V;
				ENABLE_PREVIEWS = YES;
				INFOPLIST_FILE = MenuCorner/Info.plist;
				IPHONEOS_DEPLOYMENT_TARGET = 14.0;
				LD_RUNPATH_SEARCH_PATHS = (
					"$(inherited)",
					"@executable_path/Frameworks",
				);
				PRODUCT_BUNDLE_IDENTIFIER = com.andrejkling.MenuCorner;
				PRODUCT_NAME = "$(TARGET_NAME)";
				SWIFT_VERSION = 5.0;
				TARGETED_DEVICE_FAMILY = "1,2";
			};
			name = Debug;
		};
		8BEBAB3825B346E000E81561 /* Release */ = {
			isa = XCBuildConfiguration;
			buildSettings = {
				ASSETCATALOG_COMPILER_APPICON_NAME = AppIcon;
				ASSETCATALOG_COMPILER_GLOBAL_ACCENT_COLOR_NAME = AccentColor;
				CODE_SIGN_STYLE = Automatic;
				DEVELOPMENT_ASSET_PATHS = "\"MenuCorner/Preview Content\"";
				DEVELOPMENT_TEAM = FJL9UV3P9V;
				ENABLE_PREVIEWS = YES;
				INFOPLIST_FILE = MenuCorner/Info.plist;
				IPHONEOS_DEPLOYMENT_TARGET = 14.0;
				LD_RUNPATH_SEARCH_PATHS = (
					"$(inherited)",
					"@executable_path/Frameworks",
				);
				PRODUCT_BUNDLE_IDENTIFIER = com.andrejkling.MenuCorner;
				PRODUCT_NAME = "$(TARGET_NAME)";
				SWIFT_VERSION = 5.0;
				TARGETED_DEVICE_FAMILY = "1,2";
			};
			name = Release;
		};
		8BEBAB3A25B346E000E81561 /* Debug */ = {
			isa = XCBuildConfiguration;
			buildSettings = {
				ALWAYS_EMBED_SWIFT_STANDARD_LIBRARIES = YES;
				BUNDLE_LOADER = "$(TEST_HOST)";
				CODE_SIGN_STYLE = Automatic;
				DEVELOPMENT_TEAM = FJL9UV3P9V;
				INFOPLIST_FILE = MenuCornerTests/Info.plist;
				IPHONEOS_DEPLOYMENT_TARGET = 14.0;
				LD_RUNPATH_SEARCH_PATHS = (
					"$(inherited)",
					"@executable_path/Frameworks",
					"@loader_path/Frameworks",
				);
				PRODUCT_BUNDLE_IDENTIFIER = com.andrejkling.MenuCornerTests;
				PRODUCT_NAME = "$(TARGET_NAME)";
				SWIFT_VERSION = 5.0;
				TARGETED_DEVICE_FAMILY = "1,2";
				TEST_HOST = "$(BUILT_PRODUCTS_DIR)/MenuCorner.app/MenuCorner";
			};
			name = Debug;
		};
		8BEBAB3B25B346E000E81561 /* Release */ = {
			isa = XCBuildConfiguration;
			buildSettings = {
				ALWAYS_EMBED_SWIFT_STANDARD_LIBRARIES = YES;
				BUNDLE_LOADER = "$(TEST_HOST)";
				CODE_SIGN_STYLE = Automatic;
				DEVELOPMENT_TEAM = FJL9UV3P9V;
				INFOPLIST_FILE = MenuCornerTests/Info.plist;
				IPHONEOS_DEPLOYMENT_TARGET = 14.0;
				LD_RUNPATH_SEARCH_PATHS = (
					"$(inherited)",
					"@executable_path/Frameworks",
					"@loader_path/Frameworks",
				);
				PRODUCT_BUNDLE_IDENTIFIER = com.andrejkling.MenuCornerTests;
				PRODUCT_NAME = "$(TARGET_NAME)";
				SWIFT_VERSION = 5.0;
				TARGETED_DEVICE_FAMILY = "1,2";
				TEST_HOST = "$(BUILT_PRODUCTS_DIR)/MenuCorner.app/MenuCorner";
			};
			name = Release;
		};
		8BEBAB3D25B346E000E81561 /* Debug */ = {
			isa = XCBuildConfiguration;
			buildSettings = {
				ALWAYS_EMBED_SWIFT_STANDARD_LIBRARIES = YES;
				CODE_SIGN_STYLE = Automatic;
				DEVELOPMENT_TEAM = FJL9UV3P9V;
				INFOPLIST_FILE = MenuCornerUITests/Info.plist;
				LD_RUNPATH_SEARCH_PATHS = (
					"$(inherited)",
					"@executable_path/Frameworks",
					"@loader_path/Frameworks",
				);
				PRODUCT_BUNDLE_IDENTIFIER = com.andrejkling.MenuCornerUITests;
				PRODUCT_NAME = "$(TARGET_NAME)";
				SWIFT_VERSION = 5.0;
				TARGETED_DEVICE_FAMILY = "1,2";
				TEST_TARGET_NAME = MenuCorner;
			};
			name = Debug;
		};
		8BEBAB3E25B346E000E81561 /* Release */ = {
			isa = XCBuildConfiguration;
			buildSettings = {
				ALWAYS_EMBED_SWIFT_STANDARD_LIBRARIES = YES;
				CODE_SIGN_STYLE = Automatic;
				DEVELOPMENT_TEAM = FJL9UV3P9V;
				INFOPLIST_FILE = MenuCornerUITests/Info.plist;
				LD_RUNPATH_SEARCH_PATHS = (
					"$(inherited)",
					"@executable_path/Frameworks",
					"@loader_path/Frameworks",
				);
				PRODUCT_BUNDLE_IDENTIFIER = com.andrejkling.MenuCornerUITests;
				PRODUCT_NAME = "$(TARGET_NAME)";
				SWIFT_VERSION = 5.0;
				TARGETED_DEVICE_FAMILY = "1,2";
				TEST_TARGET_NAME = MenuCorner;
			};
			name = Release;
		};
/* End XCBuildConfiguration section */

/* Begin XCConfigurationList section */
		8BEBAB0C25B346DF00E81561 /* Build configuration list for PBXProject "MenuCorner" */ = {
			isa = XCConfigurationList;
			buildConfigurations = (
				8BEBAB3425B346E000E81561 /* Debug */,
				8BEBAB3525B346E000E81561 /* Release */,
			);
			defaultConfigurationIsVisible = 0;
			defaultConfigurationName = Release;
		};
		8BEBAB3625B346E000E81561 /* Build configuration list for PBXNativeTarget "MenuCorner" */ = {
			isa = XCConfigurationList;
			buildConfigurations = (
				8BEBAB3725B346E000E81561 /* Debug */,
				8BEBAB3825B346E000E81561 /* Release */,
			);
			defaultConfigurationIsVisible = 0;
			defaultConfigurationName = Release;
		};
		8BEBAB3925B346E000E81561 /* Build configuration list for PBXNativeTarget "MenuCornerTests" */ = {
			isa = XCConfigurationList;
			buildConfigurations = (
				8BEBAB3A25B346E000E81561 /* Debug */,
				8BEBAB3B25B346E000E81561 /* Release */,
			);
			defaultConfigurationIsVisible = 0;
			defaultConfigurationName = Release;
		};
		8BEBAB3C25B346E000E81561 /* Build configuration list for PBXNativeTarget "MenuCornerUITests" */ = {
			isa = XCConfigurationList;
			buildConfigurations = (
				8BEBAB3D25B346E000E81561 /* Debug */,
				8BEBAB3E25B346E000E81561 /* Release */,
			);
			defaultConfigurationIsVisible = 0;
			defaultConfigurationName = Release;
		};
/* End XCConfigurationList section */
	};
	rootObject = 8BEBAB0925B346DF00E81561 /* Project object */;
}
